
Microsoft Visual Studio Solution File, Format Version 12.00
# Visual Studio Version 17
VisualStudioVersion = 17.7.34202.233
MinimumVisualStudioVersion = 10.0.40219.1
Project("{2150E333-8FDC-42A3-9474-1A3956D46DE8}") = "1-Presentation", "1-Presentation", "{26FF27AA-AC6F-4DF8-9033-62D519C02EF2}"
EndProject
Project("{2150E333-8FDC-42A3-9474-1A3956D46DE8}") = "2-Services", "2-Services", "{9156ED5A-EA3C-4F39-A5DC-BC5B34A72683}"
EndProject
Project("{2150E333-8FDC-42A3-9474-1A3956D46DE8}") = "3-Application", "3-Application", "{14CA8ACA-A043-4437-AF3D-8B2D75DF1B55}"
EndProject
Project("{2150E333-8FDC-42A3-9474-1A3956D46DE8}") = "4-Domain", "4-Domain", "{6A03DE05-3508-4651-A7AE-44F76F91BA26}"
EndProject
Project("{2150E333-8FDC-42A3-9474-1A3956D46DE8}") = "5-Infra", "5-Infra", "{33A3F001-FE11-4EC8-9D20-0243A5314527}"
EndProject
Project("{2150E333-8FDC-42A3-9474-1A3956D46DE8}") = "5.1-Data", "5.1-Data", "{AAB04496-8BFB-471A-9250-F85B1DEB422E}"
EndProject
Project("{2150E333-8FDC-42A3-9474-1A3956D46DE8}") = "5.2-CrossCutting", "5.2-CrossCutting", "{E98C5964-862B-464F-8EDB-94F840D0948C}"
EndProject
Project("{2150E333-8FDC-42A3-9474-1A3956D46DE8}") = "Tests", "Tests", "{1D5B2C8D-B073-4824-AA7B-27AE461DE327}"
EndProject
Project("{FAE04EC0-301F-11D3-BF4B-00C04F79EFBC}") = "Pdv.Services.Api", "src\Pdv.Services.Api\Pdv.Services.Api.csproj", "{D18B1E1C-2CC7-4E90-AED5-ED26D5440570}"
EndProject
Project("{FAE04EC0-301F-11D3-BF4B-00C04F79EFBC}") = "Pdv.Domain.Core", "src\Pdv.Domain.Core\Pdv.Domain.Core.csproj", "{C979FE34-412E-4916-8605-38F9E589DBB9}"
EndProject
Project("{FAE04EC0-301F-11D3-BF4B-00C04F79EFBC}") = "Pdv.Domain", "src\Pdv.Domain\Pdv.Domain.csproj", "{C894AC12-929F-4AEB-A254-EBC27C6AFA39}"
EndProject
Project("{FAE04EC0-301F-11D3-BF4B-00C04F79EFBC}") = "Pdv.Infra.CrossCutting.IoC", "src\Pdv.Infra.CrossCutting.IoC\Pdv.Infra.CrossCutting.IoC.csproj", "{88DE5189-4F1E-4A49-B1A2-C9B41371B503}"
EndProject
Project("{FAE04EC0-301F-11D3-BF4B-00C04F79EFBC}") = "Pdv.Infra.Data", "src\Pdv.Infra.Data\Pdv.Infra.Data.csproj", "{FE2226C4-042C-482E-81AD-ADCFC57CF6F6}"
EndProject
Project("{FAE04EC0-301F-11D3-BF4B-00C04F79EFBC}") = "Pdv.Application", "src\Pdv.Application\Pdv.Application.csproj", "{9818845A-6837-42DE-A9A9-5B0F018E5053}"
EndProject
Project("{FAE04EC0-301F-11D3-BF4B-00C04F79EFBC}") = "Pdv.Test", "tests\Pdv.Test\Pdv.Test.csproj", "{3FA3395F-F383-4E16-B5E0-2572679C0028}"
EndProject
Global
	GlobalSection(SolutionConfigurationPlatforms) = preSolution
		Debug|Any CPU = Debug|Any CPU
		Release|Any CPU = Release|Any CPU
	EndGlobalSection
	GlobalSection(ProjectConfigurationPlatforms) = postSolution
		{D18B1E1C-2CC7-4E90-AED5-ED26D5440570}.Debug|Any CPU.ActiveCfg = Debug|Any CPU
		{D18B1E1C-2CC7-4E90-AED5-ED26D5440570}.Debug|Any CPU.Build.0 = Debug|Any CPU
		{D18B1E1C-2CC7-4E90-AED5-ED26D5440570}.Release|Any CPU.ActiveCfg = Release|Any CPU
		{D18B1E1C-2CC7-4E90-AED5-ED26D5440570}.Release|Any CPU.Build.0 = Release|Any CPU
		{C979FE34-412E-4916-8605-38F9E589DBB9}.Debug|Any CPU.ActiveCfg = Debug|Any CPU
		{C979FE34-412E-4916-8605-38F9E589DBB9}.Debug|Any CPU.Build.0 = Debug|Any CPU
		{C979FE34-412E-4916-8605-38F9E589DBB9}.Release|Any CPU.ActiveCfg = Release|Any CPU
		{C979FE34-412E-4916-8605-38F9E589DBB9}.Release|Any CPU.Build.0 = Release|Any CPU
		{C894AC12-929F-4AEB-A254-EBC27C6AFA39}.Debug|Any CPU.ActiveCfg = Debug|Any CPU
		{C894AC12-929F-4AEB-A254-EBC27C6AFA39}.Debug|Any CPU.Build.0 = Debug|Any CPU
		{C894AC12-929F-4AEB-A254-EBC27C6AFA39}.Release|Any CPU.ActiveCfg = Release|Any CPU
		{C894AC12-929F-4AEB-A254-EBC27C6AFA39}.Release|Any CPU.Build.0 = Release|Any CPU
		{88DE5189-4F1E-4A49-B1A2-C9B41371B503}.Debug|Any CPU.ActiveCfg = Debug|Any CPU
		{88DE5189-4F1E-4A49-B1A2-C9B41371B503}.Debug|Any CPU.Build.0 = Debug|Any CPU
		{88DE5189-4F1E-4A49-B1A2-C9B41371B503}.Release|Any CPU.ActiveCfg = Release|Any CPU
		{88DE5189-4F1E-4A49-B1A2-C9B41371B503}.Release|Any CPU.Build.0 = Release|Any CPU
		{FE2226C4-042C-482E-81AD-ADCFC57CF6F6}.Debug|Any CPU.ActiveCfg = Debug|Any CPU
		{FE2226C4-042C-482E-81AD-ADCFC57CF6F6}.Debug|Any CPU.Build.0 = Debug|Any CPU
		{FE2226C4-042C-482E-81AD-ADCFC57CF6F6}.Release|Any CPU.ActiveCfg = Release|Any CPU
		{FE2226C4-042C-482E-81AD-ADCFC57CF6F6}.Release|Any CPU.Build.0 = Release|Any CPU
		{9818845A-6837-42DE-A9A9-5B0F018E5053}.Debug|Any CPU.ActiveCfg = Debug|Any CPU
		{9818845A-6837-42DE-A9A9-5B0F018E5053}.Debug|Any CPU.Build.0 = Debug|Any CPU
		{9818845A-6837-42DE-A9A9-5B0F018E5053}.Release|Any CPU.ActiveCfg = Release|Any CPU
		{9818845A-6837-42DE-A9A9-5B0F018E5053}.Release|Any CPU.Build.0 = Release|Any CPU
		{3FA3395F-F383-4E16-B5E0-2572679C0028}.Debug|Any CPU.ActiveCfg = Debug|Any CPU
		{3FA3395F-F383-4E16-B5E0-2572679C0028}.Debug|Any CPU.Build.0 = Debug|Any CPU
		{3FA3395F-F383-4E16-B5E0-2572679C0028}.Release|Any CPU.ActiveCfg = Release|Any CPU
		{3FA3395F-F383-4E16-B5E0-2572679C0028}.Release|Any CPU.Build.0 = Release|Any CPU
	EndGlobalSection
	GlobalSection(SolutionProperties) = preSolution
		HideSolutionNode = FALSE
	EndGlobalSection
	GlobalSection(NestedProjects) = preSolution
		{AAB04496-8BFB-471A-9250-F85B1DEB422E} = {33A3F001-FE11-4EC8-9D20-0243A5314527}
		{E98C5964-862B-464F-8EDB-94F840D0948C} = {33A3F001-FE11-4EC8-9D20-0243A5314527}
		{D18B1E1C-2CC7-4E90-AED5-ED26D5440570} = {9156ED5A-EA3C-4F39-A5DC-BC5B34A72683}
		{C979FE34-412E-4916-8605-38F9E589DBB9} = {6A03DE05-3508-4651-A7AE-44F76F91BA26}
		{C894AC12-929F-4AEB-A254-EBC27C6AFA39} = {6A03DE05-3508-4651-A7AE-44F76F91BA26}
		{88DE5189-4F1E-4A49-B1A2-C9B41371B503} = {E98C5964-862B-464F-8EDB-94F840D0948C}
		{FE2226C4-042C-482E-81AD-ADCFC57CF6F6} = {AAB04496-8BFB-471A-9250-F85B1DEB422E}
		{9818845A-6837-42DE-A9A9-5B0F018E5053} = {14CA8ACA-A043-4437-AF3D-8B2D75DF1B55}
		{3FA3395F-F383-4E16-B5E0-2572679C0028} = {1D5B2C8D-B073-4824-AA7B-27AE461DE327}
	EndGlobalSection
	GlobalSection(ExtensibilityGlobals) = postSolution
		SolutionGuid = {0D905895-AFA1-43A1-B921-D09CCC0AC798}
	EndGlobalSection
EndGlobal
